
Microsoft Visual Studio Solution File, Format Version 12.00
# Visual Studio Version 17
VisualStudioVersion = 17.0.31903.59
MinimumVisualStudioVersion = 10.0.40219.1
Project("{FAE04EC0-301F-11D3-BF4B-00C04F79EFBC}") = "EntryTutorial.Android", "EntryTutorial\EntryTutorial.Android\EntryTutorial.Android.csproj", "{57A75EB5-432F-480E-A8A0-622382889C4E}"
EndProject
Project("{FAE04EC0-301F-11D3-BF4B-00C04F79EFBC}") = "EntryTutorial.iOS", "EntryTutorial\EntryTutorial.iOS\EntryTutorial.iOS.csproj", "{B29351F8-9020-45E8-B42E-B9CD579D1FF8}"
EndProject
Project("{FAE04EC0-301F-11D3-BF4B-00C04F79EFBC}") = "EntryTutorial", "EntryTutorial\EntryTutorial\EntryTutorial.csproj", "{D52F132A-C00F-4CE7-A680-799276D0B98B}"
EndProject
Global
	GlobalSection(SolutionConfigurationPlatforms) = preSolution
		Debug|Any CPU = Debug|Any CPU
		Debug|iPhone = Debug|iPhone
		Debug|iPhoneSimulator = Debug|iPhoneSimulator
		Release|Any CPU = Release|Any CPU
		Release|iPhone = Release|iPhone
		Release|iPhoneSimulator = Release|iPhoneSimulator
	EndGlobalSection
	GlobalSection(ProjectConfigurationPlatforms) = postSolution
		{57A75EB5-432F-480E-A8A0-622382889C4E}.Debug|Any CPU.ActiveCfg = Debug|Any CPU
		{57A75EB5-432F-480E-A8A0-622382889C4E}.Debug|Any CPU.Build.0 = Debug|Any CPU
		{57A75EB5-432F-480E-A8A0-622382889C4E}.Debug|Any CPU.Deploy.0 = Debug|Any CPU
		{57A75EB5-432F-480E-A8A0-622382889C4E}.Debug|iPhone.ActiveCfg = Debug|Any CPU
		{57A75EB5-432F-480E-A8A0-622382889C4E}.Debug|iPhone.Build.0 = Debug|Any CPU
		{57A75EB5-432F-480E-A8A0-622382889C4E}.Debug|iPhone.Deploy.0 = Debug|Any CPU
		{57A75EB5-432F-480E-A8A0-622382889C4E}.Debug|iPhoneSimulator.ActiveCfg = Debug|Any CPU
		{57A75EB5-432F-480E-A8A0-622382889C4E}.Debug|iPhoneSimulator.Build.0 = Debug|Any CPU
		{57A75EB5-432F-480E-A8A0-622382889C4E}.Debug|iPhoneSimulator.Deploy.0 = Debug|Any CPU
		{57A75EB5-432F-480E-A8A0-622382889C4E}.Release|Any CPU.ActiveCfg = Release|Any CPU
		{57A75EB5-432F-480E-A8A0-622382889C4E}.Release|Any CPU.Build.0 = Release|Any CPU
		{57A75EB5-432F-480E-A8A0-622382889C4E}.Release|Any CPU.Deploy.0 = Release|Any CPU
		{57A75EB5-432F-480E-A8A0-622382889C4E}.Release|iPhone.ActiveCfg = Release|Any CPU
		{57A75EB5-432F-480E-A8A0-622382889C4E}.Release|iPhone.Build.0 = Release|Any CPU
		{57A75EB5-432F-480E-A8A0-622382889C4E}.Release|iPhone.Deploy.0 = Release|Any CPU
		{57A75EB5-432F-480E-A8A0-622382889C4E}.Release|iPhoneSimulator.ActiveCfg = Release|Any CPU
		{57A75EB5-432F-480E-A8A0-622382889C4E}.Release|iPhoneSimulator.Build.0 = Release|Any CPU
		{57A75EB5-432F-480E-A8A0-622382889C4E}.Release|iPhoneSimulator.Deploy.0 = Release|Any CPU
		{B29351F8-9020-45E8-B42E-B9CD579D1FF8}.Debug|Any CPU.ActiveCfg = Debug|iPhone
		{B29351F8-9020-45E8-B42E-B9CD579D1FF8}.Debug|Any CPU.Build.0 = Debug|iPhone
		{B29351F8-9020-45E8-B42E-B9CD579D1FF8}.Debug|Any CPU.Deploy.0 = Debug|iPhone
		{B29351F8-9020-45E8-B42E-B9CD579D1FF8}.Debug|iPhone.ActiveCfg = Debug|iPhone
		{B29351F8-9020-45E8-B42E-B9CD579D1FF8}.Debug|iPhone.Build.0 = Debug|iPhone
		{B29351F8-9020-45E8-B42E-B9CD579D1FF8}.Debug|iPhone.Deploy.0 = Debug|iPhone
		{B29351F8-9020-45E8-B42E-B9CD579D1FF8}.Debug|iPhoneSimulator.ActiveCfg = Debug|iPhoneSimulator
		{B29351F8-9020-45E8-B42E-B9CD579D1FF8}.Debug|iPhoneSimulator.Build.0 = Debug|iPhoneSimulator
		{B29351F8-9020-45E8-B42E-B9CD579D1FF8}.Debug|iPhoneSimulator.Deploy.0 = Debug|iPhoneSimulator
		{B29351F8-9020-45E8-B42E-B9CD579D1FF8}.Release|Any CPU.ActiveCfg = Release|iPhoneSimulator
		{B29351F8-9020-45E8-B42E-B9CD579D1FF8}.Release|Any CPU.Build.0 = Release|iPhoneSimulator
		{B29351F8-9020-45E8-B42E-B9CD579D1FF8}.Release|Any CPU.Deploy.0 = Release|iPhoneSimulator
		{B29351F8-9020-45E8-B42E-B9CD579D1FF8}.Release|iPhone.ActiveCfg = Release|iPhone
		{B29351F8-9020-45E8-B42E-B9CD579D1FF8}.Release|iPhone.Build.0 = Release|iPhone
		{B29351F8-9020-45E8-B42E-B9CD579D1FF8}.Release|iPhone.Deploy.0 = Release|iPhone
		{B29351F8-9020-45E8-B42E-B9CD579D1FF8}.Release|iPhoneSimulator.ActiveCfg = Release|iPhoneSimulator
		{B29351F8-9020-45E8-B42E-B9CD579D1FF8}.Release|iPhoneSimulator.Build.0 = Release|iPhoneSimulator
		{B29351F8-9020-45E8-B42E-B9CD579D1FF8}.Release|iPhoneSimulator.Deploy.0 = Release|iPhoneSimulator
		{D52F132A-C00F-4CE7-A680-799276D0B98B}.Debug|Any CPU.ActiveCfg = Debug|Any CPU
		{D52F132A-C00F-4CE7-A680-799276D0B98B}.Debug|Any CPU.Build.0 = Debug|Any CPU
		{D52F132A-C00F-4CE7-A680-799276D0B98B}.Debug|Any CPU.Deploy.0 = Debug|Any CPU
		{D52F132A-C00F-4CE7-A680-799276D0B98B}.Debug|iPhone.ActiveCfg = Debug|Any CPU
		{D52F132A-C00F-4CE7-A680-799276D0B98B}.Debug|iPhone.Build.0 = Debug|Any CPU
		{D52F132A-C00F-4CE7-A680-799276D0B98B}.Debug|iPhone.Deploy.0 = Debug|Any CPU
		{D52F132A-C00F-4CE7-A680-799276D0B98B}.Debug|iPhoneSimulator.ActiveCfg = Debug|Any CPU
		{D52F132A-C00F-4CE7-A680-799276D0B98B}.Debug|iPhoneSimulator.Build.0 = Debug|Any CPU
		{D52F132A-C00F-4CE7-A680-799276D0B98B}.Debug|iPhoneSimulator.Deploy.0 = Debug|Any CPU
		{D52F132A-C00F-4CE7-A680-799276D0B98B}.Release|Any CPU.ActiveCfg = Release|Any CPU
		{D52F132A-C00F-4CE7-A680-799276D0B98B}.Release|Any CPU.Build.0 = Release|Any CPU
		{D52F132A-C00F-4CE7-A680-799276D0B98B}.Release|Any CPU.Deploy.0 = Release|Any CPU
		{D52F132A-C00F-4CE7-A680-799276D0B98B}.Release|iPhone.ActiveCfg = Release|Any CPU
		{D52F132A-C00F-4CE7-A680-799276D0B98B}.Release|iPhone.Build.0 = Release|Any CPU
		{D52F132A-C00F-4CE7-A680-799276D0B98B}.Release|iPhone.Deploy.0 = Release|Any CPU
		{D52F132A-C00F-4CE7-A680-799276D0B98B}.Release|iPhoneSimulator.ActiveCfg = Release|Any CPU
		{D52F132A-C00F-4CE7-A680-799276D0B98B}.Release|iPhoneSimulator.Build.0 = Release|Any CPU
		{D52F132A-C00F-4CE7-A680-799276D0B98B}.Release|iPhoneSimulator.Deploy.0 = Release|Any CPU
	EndGlobalSection
	GlobalSection(SolutionProperties) = preSolution
		HideSolutionNode = FALSE
	EndGlobalSection
	GlobalSection(ExtensibilityGlobals) = postSolution
		SolutionGuid = {478564D3-D9F3-455B-992F-182AAEB3F9E6}
	EndGlobalSection
EndGlobal
